
Microsoft Visual Studio Solution File, Format Version 12.00
# Visual Studio 15
VisualStudioVersion = 15.0.28010.2016
MinimumVisualStudioVersion = 10.0.40219.1
Project("{9A19103F-16F7-4668-BE54-9A1E7A4F7556}") = "CarRepairCenter", "CarRepairCenter\CarRepairCenter.csproj", "{7DCD1825-3333-4527-9D39-7095C4D9E28A}"
EndProject
Project("{9A19103F-16F7-4668-BE54-9A1E7A4F7556}") = "Api.Service", "Api.Service\Api.Service.csproj", "{142FD9C8-2A59-483A-A5A3-4E3337AA7A93}"
EndProject
Project("{9A19103F-16F7-4668-BE54-9A1E7A4F7556}") = "Api.IService", "Api.Services.IService\Api.IService.csproj", "{6FE0905A-115B-4F0E-A702-D8BDF69D4E2F}"
EndProject
Project("{9A19103F-16F7-4668-BE54-9A1E7A4F7556}") = "Api.Repository", "Repository\Api.Repository.csproj", "{66BFF698-D0E6-4ECC-A7A5-3E97C943AE9E}"
EndProject
Project("{9A19103F-16F7-4668-BE54-9A1E7A4F7556}") = "Api.Repository.Models", "Api.Repository.Models\Api.Repository.Models.csproj", "{3E1D3BB7-2DA5-44EC-ADE5-EE4813301D15}"
EndProject
Project("{9A19103F-16F7-4668-BE54-9A1E7A4F7556}") = "Api.ViewModels", "Api.ViewModels\Api.ViewModels.csproj", "{D52902F1-398A-409D-A119-9439914C8287}"
EndProject
Project("{9A19103F-16F7-4668-BE54-9A1E7A4F7556}") = "Api.Common", "Api.Common\Api.Common.csproj", "{20020AEF-BAE5-4251-88A6-56FDBF0CF1A2}"
EndProject
Project("{9A19103F-16F7-4668-BE54-9A1E7A4F7556}") = "Api.IRepository", "Api.IRepository\Api.IRepository.csproj", "{8023987D-9599-4DFE-8212-FC783D329EEF}"
EndProject
Project("{2150E333-8FDC-42A3-9474-1A3956D46DE8}") = "Repositories", "Repositories", "{9BC5B1F3-8D5A-4AB7-A5BF-1798D33D718E}"
EndProject
Project("{2150E333-8FDC-42A3-9474-1A3956D46DE8}") = "Common", "Common", "{C048568D-AAA5-4AA8-8B3A-35EBB3477FDB}"
EndProject
Project("{2150E333-8FDC-42A3-9474-1A3956D46DE8}") = "Data", "Data", "{8B9A7FB2-9EDF-4BB4-AEE7-052F8C1378C8}"
EndProject
Project("{9A19103F-16F7-4668-BE54-9A1E7A4F7556}") = "Api.RepositoryCommon", "Api.RepositoryCommon\Api.RepositoryCommon.csproj", "{9BEA4F68-4B3C-4841-A350-E158A559BE2E}"
EndProject
Project("{9A19103F-16F7-4668-BE54-9A1E7A4F7556}") = "Api.IRepositoryCommon", "Api.IRepositoryCommon\Api.IRepositoryCommon.csproj", "{8B1E94B0-D87A-4185-A913-59F095883A81}"
EndProject
Project("{2150E333-8FDC-42A3-9474-1A3956D46DE8}") = "Services", "Services", "{B473CB71-1D56-412D-B646-6C59DEB305AD}"
EndProject
Project("{2150E333-8FDC-42A3-9474-1A3956D46DE8}") = "Common", "Common", "{870FA359-B71C-48B9-81F4-CA8B5EF54027}"
EndProject
Global
	GlobalSection(SolutionConfigurationPlatforms) = preSolution
		Debug|Any CPU = Debug|Any CPU
		Release|Any CPU = Release|Any CPU
	EndGlobalSection
	GlobalSection(ProjectConfigurationPlatforms) = postSolution
		{7DCD1825-3333-4527-9D39-7095C4D9E28A}.Debug|Any CPU.ActiveCfg = Debug|Any CPU
		{7DCD1825-3333-4527-9D39-7095C4D9E28A}.Debug|Any CPU.Build.0 = Debug|Any CPU
		{7DCD1825-3333-4527-9D39-7095C4D9E28A}.Release|Any CPU.ActiveCfg = Release|Any CPU
		{7DCD1825-3333-4527-9D39-7095C4D9E28A}.Release|Any CPU.Build.0 = Release|Any CPU
		{142FD9C8-2A59-483A-A5A3-4E3337AA7A93}.Debug|Any CPU.ActiveCfg = Debug|Any CPU
		{142FD9C8-2A59-483A-A5A3-4E3337AA7A93}.Debug|Any CPU.Build.0 = Debug|Any CPU
		{142FD9C8-2A59-483A-A5A3-4E3337AA7A93}.Release|Any CPU.ActiveCfg = Release|Any CPU
		{142FD9C8-2A59-483A-A5A3-4E3337AA7A93}.Release|Any CPU.Build.0 = Release|Any CPU
		{6FE0905A-115B-4F0E-A702-D8BDF69D4E2F}.Debug|Any CPU.ActiveCfg = Debug|Any CPU
		{6FE0905A-115B-4F0E-A702-D8BDF69D4E2F}.Debug|Any CPU.Build.0 = Debug|Any CPU
		{6FE0905A-115B-4F0E-A702-D8BDF69D4E2F}.Release|Any CPU.ActiveCfg = Release|Any CPU
		{6FE0905A-115B-4F0E-A702-D8BDF69D4E2F}.Release|Any CPU.Build.0 = Release|Any CPU
		{66BFF698-D0E6-4ECC-A7A5-3E97C943AE9E}.Debug|Any CPU.ActiveCfg = Debug|Any CPU
		{66BFF698-D0E6-4ECC-A7A5-3E97C943AE9E}.Debug|Any CPU.Build.0 = Debug|Any CPU
		{66BFF698-D0E6-4ECC-A7A5-3E97C943AE9E}.Release|Any CPU.ActiveCfg = Release|Any CPU
		{66BFF698-D0E6-4ECC-A7A5-3E97C943AE9E}.Release|Any CPU.Build.0 = Release|Any CPU
		{3E1D3BB7-2DA5-44EC-ADE5-EE4813301D15}.Debug|Any CPU.ActiveCfg = Debug|Any CPU
		{3E1D3BB7-2DA5-44EC-ADE5-EE4813301D15}.Debug|Any CPU.Build.0 = Debug|Any CPU
		{3E1D3BB7-2DA5-44EC-ADE5-EE4813301D15}.Release|Any CPU.ActiveCfg = Release|Any CPU
		{3E1D3BB7-2DA5-44EC-ADE5-EE4813301D15}.Release|Any CPU.Build.0 = Release|Any CPU
		{D52902F1-398A-409D-A119-9439914C8287}.Debug|Any CPU.ActiveCfg = Debug|Any CPU
		{D52902F1-398A-409D-A119-9439914C8287}.Debug|Any CPU.Build.0 = Debug|Any CPU
		{D52902F1-398A-409D-A119-9439914C8287}.Release|Any CPU.ActiveCfg = Release|Any CPU
		{D52902F1-398A-409D-A119-9439914C8287}.Release|Any CPU.Build.0 = Release|Any CPU
		{20020AEF-BAE5-4251-88A6-56FDBF0CF1A2}.Debug|Any CPU.ActiveCfg = Debug|Any CPU
		{20020AEF-BAE5-4251-88A6-56FDBF0CF1A2}.Debug|Any CPU.Build.0 = Debug|Any CPU
		{20020AEF-BAE5-4251-88A6-56FDBF0CF1A2}.Release|Any CPU.ActiveCfg = Release|Any CPU
		{20020AEF-BAE5-4251-88A6-56FDBF0CF1A2}.Release|Any CPU.Build.0 = Release|Any CPU
		{8023987D-9599-4DFE-8212-FC783D329EEF}.Debug|Any CPU.ActiveCfg = Debug|Any CPU
		{8023987D-9599-4DFE-8212-FC783D329EEF}.Debug|Any CPU.Build.0 = Debug|Any CPU
		{8023987D-9599-4DFE-8212-FC783D329EEF}.Release|Any CPU.ActiveCfg = Release|Any CPU
		{8023987D-9599-4DFE-8212-FC783D329EEF}.Release|Any CPU.Build.0 = Release|Any CPU
		{9BEA4F68-4B3C-4841-A350-E158A559BE2E}.Debug|Any CPU.ActiveCfg = Debug|Any CPU
		{9BEA4F68-4B3C-4841-A350-E158A559BE2E}.Debug|Any CPU.Build.0 = Debug|Any CPU
		{9BEA4F68-4B3C-4841-A350-E158A559BE2E}.Release|Any CPU.ActiveCfg = Release|Any CPU
		{9BEA4F68-4B3C-4841-A350-E158A559BE2E}.Release|Any CPU.Build.0 = Release|Any CPU
		{8B1E94B0-D87A-4185-A913-59F095883A81}.Debug|Any CPU.ActiveCfg = Debug|Any CPU
		{8B1E94B0-D87A-4185-A913-59F095883A81}.Debug|Any CPU.Build.0 = Debug|Any CPU
		{8B1E94B0-D87A-4185-A913-59F095883A81}.Release|Any CPU.ActiveCfg = Release|Any CPU
		{8B1E94B0-D87A-4185-A913-59F095883A81}.Release|Any CPU.Build.0 = Release|Any CPU
	EndGlobalSection
	GlobalSection(SolutionProperties) = preSolution
		HideSolutionNode = FALSE
	EndGlobalSection
	GlobalSection(NestedProjects) = preSolution
		{142FD9C8-2A59-483A-A5A3-4E3337AA7A93} = {B473CB71-1D56-412D-B646-6C59DEB305AD}
		{6FE0905A-115B-4F0E-A702-D8BDF69D4E2F} = {B473CB71-1D56-412D-B646-6C59DEB305AD}
		{66BFF698-D0E6-4ECC-A7A5-3E97C943AE9E} = {8B9A7FB2-9EDF-4BB4-AEE7-052F8C1378C8}
		{3E1D3BB7-2DA5-44EC-ADE5-EE4813301D15} = {9BC5B1F3-8D5A-4AB7-A5BF-1798D33D718E}
		{20020AEF-BAE5-4251-88A6-56FDBF0CF1A2} = {870FA359-B71C-48B9-81F4-CA8B5EF54027}
		{8023987D-9599-4DFE-8212-FC783D329EEF} = {8B9A7FB2-9EDF-4BB4-AEE7-052F8C1378C8}
		{C048568D-AAA5-4AA8-8B3A-35EBB3477FDB} = {9BC5B1F3-8D5A-4AB7-A5BF-1798D33D718E}
		{8B9A7FB2-9EDF-4BB4-AEE7-052F8C1378C8} = {9BC5B1F3-8D5A-4AB7-A5BF-1798D33D718E}
		{9BEA4F68-4B3C-4841-A350-E158A559BE2E} = {C048568D-AAA5-4AA8-8B3A-35EBB3477FDB}
		{8B1E94B0-D87A-4185-A913-59F095883A81} = {C048568D-AAA5-4AA8-8B3A-35EBB3477FDB}
	EndGlobalSection
	GlobalSection(ExtensibilityGlobals) = postSolution
		SolutionGuid = {CEA80104-C6C3-45B4-B687-C28BB9679DBB}
	EndGlobalSection
EndGlobal
